lockfileVersion: '9.0'

settings:
  autoInstallPeers: true
  excludeLinksFromLockfile: false

importers:

  .:
    dependencies:
      '@napi-rs/canvas':
        specifier: ^1.0.2
        version: 1.0.2
      highlight.js:
        specifier: ^11.10.0
        version: 11.11.1
      marked:
        specifier: ^14.1.0
        version: 14.1.4
      marked-highlight:
        specifier: ^2.2.2
        version: 2.2.4(marked@14.1.4)
      pdf-parse:
        specifier: ^1.1.1
        version: 1.1.1
      pdfjs-dist:
        specifier: ^6.1.200
        version: 6.1.200

packages:

  '@napi-rs/canvas-android-arm64@1.0.2':
    resolution: {integrity: sha512-IMXKVQod0ol4vt3gmClUfXz4JAgHYESGPCUqmH3lQxBoL0K/2greJaQE1HVBVxWWFKfLc4OLZVdxg7kXVyXv+g==}
    engines: {node: '>= 10'}
    cpu: [arm64]
    os: [android]

  '@napi-rs/canvas-darwin-arm64@1.0.2':
    resolution: {integrity: sha512-Sc8tPi6cF+5lqOzCCKFALJHhDiRwyMzTPYm3bbhdXsOunU0lQO5f05ucyOzN2r55I23Hg5bsjH63uSCvWp3EgQ==}
    engines: {node: '>= 10'}
    cpu: [arm64]
    os: [darwin]

  '@napi-rs/canvas-darwin-x64@1.0.2':
    resolution: {integrity: sha512-niDXZ9LhKB1zLrUdYB64RHQFDGz9rr0eGx061qtJJU3U20EMMIx28ADF5fVYbhtOgkWQrBjFicfaye1yM0U62A==}
    engines: {node: '>= 10'}
    cpu: [x64]
    os: [darwin]

  '@napi-rs/canvas-linux-arm-gnueabihf@1.0.2':
    resolution: {integrity: sha512-sgatQL9JxGRH/Amzcvu0P3t8Am3duou74CisfuJ41Dwt8cWy723z/9KZ8LlgmxfypEwEZxSTNFJtU8d281lmhQ==}
    engines: {node: '>= 10'}
    cpu: [arm]
    os: [linux]

  '@napi-rs/canvas-linux-arm64-gnu@1.0.2':
    resolution: {integrity: sha512-dgKuX0peF3xwY6ZF5QxGS4wbfDqpoFAJYXiLSp+guZKARQUKMkRqZSDrXKj7nfrec3UCMzC0PFCPte0ES98AiA==}
    engines: {node: '>= 10'}
    cpu: [arm64]
    os: [linux]
    libc: [glibc]

  '@napi-rs/canvas-linux-arm64-musl@1.0.2':
    resolution: {integrity: sha512-qwROoDIC9upfvDoRLuPn2aNg9CGW1x0Ygr4k2Or+8paA9d0qBLwk87U+g8KQpoOviKoPoiwl97kvBYuYD7qZoA==}
    engines: {node: '>= 10'}
    cpu: [arm64]
    os: [linux]
    libc: [musl]

  '@napi-rs/canvas-linux-riscv64-gnu@1.0.2':
    resolution: {integrity: sha512-fXRjnPihdnbO6qy1QQOgxAonb68A0TCEG7rj1x7v7rxNElsE8EVIKIEUTvyDtU+sthYSbX+8e7g3oZiLGnOmxw==}
    engines: {node: '>= 10'}
    cpu: [riscv64]
    os: [linux]
    libc: [glibc]

  '@napi-rs/canvas-linux-x64-gnu@1.0.2':
    resolution: {integrity: sha512-nPR97DXhbWIAy7yazF3jc06kEPMqYMLmPzFOVNlwKPfIoSChnI+x7dc0hTLaihz3jxrjL6j4BbA7earxfx4X3g==}
    engines: {node: '>= 10'}
    cpu: [x64]
    os: [linux]
    libc: [glibc]

  '@napi-rs/canvas-linux-x64-musl@1.0.2':
    resolution: {integrity: sha512-l7zZY5+jL5qnBZtDz7CoBtY6p7EkHu422g/0zWwrOrzIwWyWxZFRfZZORY1UG7YApymPLx+UbOkN206xXn/c1Q==}
    engines: {node: '>= 10'}
    cpu: [x64]
    os: [linux]
    libc: [musl]

  '@napi-rs/canvas-win32-arm64-msvc@1.0.2':
    resolution: {integrity: sha512-yE0koHCFF4PIbMc2o2SEALhnipz7WBISh5glLvQiomtIoCcW0np3H4Lw93ceJAfJttTTeIIWFbwH84F7EVzjMQ==}
    engines: {node: '>= 10'}
    cpu: [arm64]
    os: [win32]

  '@napi-rs/canvas-win32-x64-msvc@1.0.2':
    resolution: {integrity: sha512-okU8/t2foV6C31n0GtvEMbfD5rOFc70+/6xUNME9Guld29sgSOIGUEDScAWFlcP3k5TYQRl9TNkwJEEjh15w8A==}
    engines: {node: '>= 10'}
    cpu: [x64]
    os: [win32]

  '@napi-rs/canvas@1.0.2':
    resolution: {integrity: sha512-EYEqlMYaCbpZDz+IgDH5xp9MTd3ui4dmGqbQYryhMLnSRxrhHKq5KQWHHKxFUcEP4Hp8/BWgvqXocX4j7iSbOQ==}
    engines: {node: '>= 10'}

  debug@3.2.7:
    resolution: {integrity: sha512-CFjzYYAi4ThfiQvizrFQevTTXHtnCqWfe7x1AhgEscTz6ZbLbfoLRLPugTQyBth6f8ZERVUSyWHFD/7Wu4t1XQ==}
    peerDependencies:
      supports-color: '*'
    peerDependenciesMeta:
      supports-color:
        optional: true

  highlight.js@11.11.1:
    resolution: {integrity: sha512-Xwwo44whKBVCYoliBQwaPvtd/2tYFkRQtXDWj1nackaV2JPXx3L0+Jvd8/qCJ2p+ML0/XVkJ2q+Mr+UVdpJK5w==}
    engines: {node: '>=12.0.0'}

  marked-highlight@2.2.4:
    resolution: {integrity: sha512-PZxisNMJDduSjc0q6uvjsnqqHCXc9s0eyzxDO9sB1eNGJnd/H1/Fu+z6g/liC1dfJdFW4SftMwMlLvsBhUPrqQ==}
    peerDependencies:
      marked: '>=4 <19'

  marked@14.1.4:
    resolution: {integrity: sha512-vkVZ8ONmUdPnjCKc5uTRvmkRbx4EAi2OkTOXmfTDhZz3OFqMNBM1oTTWwTr4HY4uAEojhzPf+Fy8F1DWa3Sndg==}
    engines: {node: '>= 18'}
    hasBin: true

  ms@2.1.3:
    resolution: {integrity: sha512-6FlzubTLZG3J2a/NVCAleEhjzq5oxgHyaCU9yYXvcLsvoVaHJq/s5xXI6/XXP6tz7R9xAOtHnSO/tXtF3WRTlA==}

  node-ensure@0.0.0:
    resolution: {integrity: sha512-DRI60hzo2oKN1ma0ckc6nQWlHU69RH6xN0sjQTjMpChPfTYvKZdcQFfdYK2RWbJcKyUizSIy/l8OTGxMAM1QDw==}

  pdf-parse@1.1.1:
    resolution: {integrity: sha512-v6ZJ/efsBpGrGGknjtq9J/oC8tZWq0KWL5vQrk2GlzLEQPUDB1ex+13Rmidl1neNN358Jn9EHZw5y07FFtaC7A==}
    engines: {node: '>=6.8.1'}

  pdfjs-dist@6.1.200:
    resolution: {integrity: sha512-o8MolyzirkkLrcdsae/HEOiIcXWI7DS5zGpvqW8xTC2YUsW30rltFw2bDGvw/fskUdEMrQm2br68jzDS5BH2vw==}
    engines: {node: '>=22.13.0 || >=24'}

snapshots:

  '@napi-rs/canvas-android-arm64@1.0.2':
    optional: true

  '@napi-rs/canvas-darwin-arm64@1.0.2':
    optional: true

  '@napi-rs/canvas-darwin-x64@1.0.2':
    optional: true

  '@napi-rs/canvas-linux-arm-gnueabihf@1.0.2':
    optional: true

  '@napi-rs/canvas-linux-arm64-gnu@1.0.2':
    optional: true

  '@napi-rs/canvas-linux-arm64-musl@1.0.2':
    optional: true

  '@napi-rs/canvas-linux-riscv64-gnu@1.0.2':
    optional: true

  '@napi-rs/canvas-linux-x64-gnu@1.0.2':
    optional: true

  '@napi-rs/canvas-linux-x64-musl@1.0.2':
    optional: true

  '@napi-rs/canvas-win32-arm64-msvc@1.0.2':
    optional: true

  '@napi-rs/canvas-win32-x64-msvc@1.0.2':
    optional: true

  '@napi-rs/canvas@1.0.2':
    optionalDependencies:
      '@napi-rs/canvas-android-arm64': 1.0.2
      '@napi-rs/canvas-darwin-arm64': 1.0.2
      '@napi-rs/canvas-darwin-x64': 1.0.2
      '@napi-rs/canvas-linux-arm-gnueabihf': 1.0.2
      '@napi-rs/canvas-linux-arm64-gnu': 1.0.2
      '@napi-rs/canvas-linux-arm64-musl': 1.0.2
      '@napi-rs/canvas-linux-riscv64-gnu': 1.0.2
      '@napi-rs/canvas-linux-x64-gnu': 1.0.2
      '@napi-rs/canvas-linux-x64-musl': 1.0.2
      '@napi-rs/canvas-win32-arm64-msvc': 1.0.2
      '@napi-rs/canvas-win32-x64-msvc': 1.0.2

  debug@3.2.7:
    dependencies:
      ms: 2.1.3

  highlight.js@11.11.1: {}

  marked-highlight@2.2.4(marked@14.1.4):
    dependencies:
      marked: 14.1.4

  marked@14.1.4: {}

  ms@2.1.3: {}

  node-ensure@0.0.0: {}

  pdf-parse@1.1.1:
    dependencies:
      debug: 3.2.7
      node-ensure: 0.0.0
    transitivePeerDependencies:
      - supports-color

  pdfjs-dist@6.1.200:
    optionalDependencies:
      '@napi-rs/canvas': 1.0.2
